
Microsoft Visual Studio Solution File, Format Version 12.00
# Visual Studio 15
VisualStudioVersion = 15.0.27703.2018
MinimumVisualStudioVersion = 10.0.40219.1
Project("{FAE04EC0-301F-11D3-BF4B-00C04F79EFBC}") = "videoStar", "videoStar\videoStar.csproj", "{EEA44C3C-0F88-41B0-B414-B0C00848C731}"
EndProject
Global
	GlobalSection(SolutionConfigurationPlatforms) = preSolution
		Debug|Any CPU = Debug|Any CPU
		Release|Any CPU = Release|Any CPU
	EndGlobalSection
	GlobalSection(ProjectConfigurationPlatforms) = postSolution
		{EEA44C3C-0F88-41B0-B414-B0C00848C731}.Debug|Any CPU.ActiveCfg = Debug|Any CPU
		{EEA44C3C-0F88-41B0-B414-B0C00848C731}.Debug|Any CPU.Build.0 = Debug|Any CPU
		{EEA44C3C-0F88-41B0-B414-B0C00848C731}.Release|Any CPU.ActiveCfg = Release|Any CPU
		{EEA44C3C-0F88-41B0-B414-B0C00848C731}.Release|Any CPU.Build.0 = Release|Any CPU
	EndGlobalSection
	GlobalSection(SolutionProperties) = preSolution
		HideSolutionNode = FALSE
	EndGlobalSection
	GlobalSection(ExtensibilityGlobals) = postSolution
		SolutionGuid = {ECF13C5A-9E78-4023-B73D-00727DFD03D6}
	EndGlobalSection
EndGlobal
